
Microsoft Visual Studio Solution File, Format Version 12.00
# Visual Studio Version 17
VisualStudioVersion = 17.11.35312.102
MinimumVisualStudioVersion = 10.0.40219.1
Project("{9A19103F-16F7-4668-BE54-9A1E7A4F7556}") = "autos-api", "autos-api\autos-api.csproj", "{8B252D2C-F2EF-4A20-AFFA-260A686097E5}"
EndProject
Project("{9A19103F-16F7-4668-BE54-9A1E7A4F7556}") = "Domain", "Domain\Domain.csproj", "{0BA27EE5-22CC-405A-9521-F0A6A3DE3C3C}"
EndProject
Project("{9A19103F-16F7-4668-BE54-9A1E7A4F7556}") = "Infraestructure", "Infraestructure\Infraestructure.csproj", "{BB221101-0C28-40A5-B53B-1E7B749A7EB9}"
EndProject
Project("{FAE04EC0-301F-11D3-BF4B-00C04F79EFBC}") = "Application", "Application\Application.csproj", "{8DF6AF92-44E8-40C7-B953-1B8F15448BD0}"
EndProject
Project("{FAE04EC0-301F-11D3-BF4B-00C04F79EFBC}") = "Test", "Test\Test.csproj", "{BF0D56AD-0482-460E-96C8-97433ABFFD57}"
EndProject
Global
	GlobalSection(SolutionConfigurationPlatforms) = preSolution
		Debug|Any CPU = Debug|Any CPU
		Release|Any CPU = Release|Any CPU
	EndGlobalSection
	GlobalSection(ProjectConfigurationPlatforms) = postSolution
		{8B252D2C-F2EF-4A20-AFFA-260A686097E5}.Debug|Any CPU.ActiveCfg = Debug|Any CPU
		{8B252D2C-F2EF-4A20-AFFA-260A686097E5}.Debug|Any CPU.Build.0 = Debug|Any CPU
		{8B252D2C-F2EF-4A20-AFFA-260A686097E5}.Release|Any CPU.ActiveCfg = Release|Any CPU
		{8B252D2C-F2EF-4A20-AFFA-260A686097E5}.Release|Any CPU.Build.0 = Release|Any CPU
		{0BA27EE5-22CC-405A-9521-F0A6A3DE3C3C}.Debug|Any CPU.ActiveCfg = Debug|Any CPU
		{0BA27EE5-22CC-405A-9521-F0A6A3DE3C3C}.Debug|Any CPU.Build.0 = Debug|Any CPU
		{0BA27EE5-22CC-405A-9521-F0A6A3DE3C3C}.Release|Any CPU.ActiveCfg = Release|Any CPU
		{0BA27EE5-22CC-405A-9521-F0A6A3DE3C3C}.Release|Any CPU.Build.0 = Release|Any CPU
		{BB221101-0C28-40A5-B53B-1E7B749A7EB9}.Debug|Any CPU.ActiveCfg = Debug|Any CPU
		{BB221101-0C28-40A5-B53B-1E7B749A7EB9}.Debug|Any CPU.Build.0 = Debug|Any CPU
		{BB221101-0C28-40A5-B53B-1E7B749A7EB9}.Release|Any CPU.ActiveCfg = Release|Any CPU
		{BB221101-0C28-40A5-B53B-1E7B749A7EB9}.Release|Any CPU.Build.0 = Release|Any CPU
		{8DF6AF92-44E8-40C7-B953-1B8F15448BD0}.Debug|Any CPU.ActiveCfg = Debug|Any CPU
		{8DF6AF92-44E8-40C7-B953-1B8F15448BD0}.Debug|Any CPU.Build.0 = Debug|Any CPU
		{8DF6AF92-44E8-40C7-B953-1B8F15448BD0}.Release|Any CPU.ActiveCfg = Release|Any CPU
		{8DF6AF92-44E8-40C7-B953-1B8F15448BD0}.Release|Any CPU.Build.0 = Release|Any CPU
		{BF0D56AD-0482-460E-96C8-97433ABFFD57}.Debug|Any CPU.ActiveCfg = Debug|Any CPU
		{BF0D56AD-0482-460E-96C8-97433ABFFD57}.Debug|Any CPU.Build.0 = Debug|Any CPU
		{BF0D56AD-0482-460E-96C8-97433ABFFD57}.Release|Any CPU.ActiveCfg = Release|Any CPU
		{BF0D56AD-0482-460E-96C8-97433ABFFD57}.Release|Any CPU.Build.0 = Release|Any CPU
	EndGlobalSection
	GlobalSection(SolutionProperties) = preSolution
		HideSolutionNode = FALSE
	EndGlobalSection
	GlobalSection(ExtensibilityGlobals) = postSolution
		SolutionGuid = {F9B8FABF-0998-44AE-83AC-B9B5F8FFD689}
	EndGlobalSection
EndGlobal
